// !$*UTF8*$!
{
	archiveVersion = 1;
	classes = {
	};
	objectVersion = 46;
	objects = {

/* Begin PBXBuildFile section */
		184E61651D235FC0009FE680 /* StickerPackExtension.appex in Embed App Extensions */ = {isa = PBXBuildFile; fileRef = 184E61641D235FC0009FE680 /* StickerPackExtension.appex */; settings = {ATTRIBUTES = (RemoveHeadersOnCopy, ); }; };
		184E61691D235FC1009FE680 /* Stickers.xcstickers in Resources */ = {isa = PBXBuildFile; fileRef = 184E61681D235FC1009FE680 /* Stickers.xcstickers */; };
		184E616A1D235FC1009FE680 /* Stickers.xcstickers in Resources */ = {isa = PBXBuildFile; fileRef = 184E61681D235FC1009FE680 /* Stickers.xcstickers */; };
/* End PBXBuildFile section */

/* Begin PBXContainerItemProxy section */
		184E61661D235FC0009FE680 /* PBXContainerItemProxy */ = {
			isa = PBXContainerItemProxy;
			containerPortal = 184E615A1D235FC0009FE680 /* Project object */;
			proxyType = 1;
			remoteGlobalIDString = 184E61631D235FC0009FE680;
			remoteInfo = StickerPackExtension;
		};
/* End PBXContainerItemProxy section */

/* Begin PBXCopyFilesBuildPhase section */
		184E61701D235FC1009FE680 /* Embed App Extensions */ = {
			isa = PBXCopyFilesBuildPhase;
			buildActionMask = 2147483647;
			dstPath = "";
			dstSubfolderSpec = 13;
			files = (
				184E61651D235FC0009FE680 /* StickerPackExtension.appex in Embed App Extensions */,
			);
			name = "Embed App Extensions";
			runOnlyForDeploymentPostprocessing = 0;
		};
/* End PBXCopyFilesBuildPhase section */

/* Begin PBXFileReference section */
		184E61601D235FC0009FE680 /* WJSS.app */ = {isa = PBXFileReference; explicitFileType = wrapper.application; includeInIndex = 0; path = WJSS.app; sourceTree = BUILT_PRODUCTS_DIR; };
		184E61641D235FC0009FE680 /* StickerPackExtension.appex */ = {isa = PBXFileReference; explicitFileType = "wrapper.app-extension"; includeInIndex = 0; path = StickerPackExtension.appex; sourceTree = BUILT_PRODUCTS_DIR; };
		184E61681D235FC1009FE680 /* Stickers.xcstickers */ = {isa = PBXFileReference; lastKnownFileType = folder.stickers; name = Stickers.xcstickers; path = StickerPackExtension/Stickers.xcstickers; sourceTree = "<group>"; };
/* End PBXFileReference section */

/* Begin PBXGroup section */
		184E61591D235FC0009FE680 = {
			isa = PBXGroup;
			children = (
				184E61681D235FC1009FE680 /* Stickers.xcstickers */,
				184E61611D235FC0009FE680 /* Products */,
			);
			sourceTree = "<group>";
		};
		184E61611D235FC0009FE680 /* Products */ = {
			isa = PBXGroup;
			children = (
				184E61601D235FC0009FE680 /* WJSS.app */,
				184E61641D235FC0009FE680 /* StickerPackExtension.appex */,
			);
			name = Products;
			sourceTree = "<group>";
		};
/* End PBXGroup section */

/* Begin PBXNativeTarget section */
		184E615F1D235FC0009FE680 /* WJSS */ = {
			isa = PBXNativeTarget;
			buildConfigurationList = 184E61711D235FC1009FE680 /* Build configuration list for PBXNativeTarget "WJSS" */;
			buildPhases = (
				184E615E1D235FC0009FE680 /* Resources */,
				184E61701D235FC1009FE680 /* Embed App Extensions */,
			);
			buildRules = (
			);
			dependencies = (
				184E61671D235FC0009FE680 /* PBXTargetDependency */,
			);
			name = WJSS;
			productName = WJSS;
			productReference = 184E61601D235FC0009FE680 /* WJSS.app */;
			productType = "com.apple.product-type.application.messages";
		};
		184E61631D235FC0009FE680 /* StickerPackExtension */ = {
			isa = PBXNativeTarget;
			buildConfigurationList = 184E616D1D235FC1009FE680 /* Build configuration list for PBXNativeTarget "StickerPackExtension" */;
			buildPhases = (
				184E61621D235FC0009FE680 /* Resources */,
			);
			buildRules = (
			);
			dependencies = (
			);
			name = StickerPackExtension;
			productName = StickerPackExtension;
			productReference = 184E61641D235FC0009FE680 /* StickerPackExtension.appex */;
			productType = "com.apple.product-type.app-extension.messages-sticker-pack";
		};
/* End PBXNativeTarget section */

/* Begin PBXProject section */
		184E615A1D235FC0009FE680 /* Project object */ = {
			isa = PBXProject;
			attributes = {
				LastUpgradeCheck = 0800;
				ORGANIZATIONNAME = "Charlie Jon";
				TargetAttributes = {
					184E615F1D235FC0009FE680 = {
						CreatedOnToolsVersion = 8.0;
						DevelopmentTeam = YGFCYME2A4;
						DevelopmentTeamName = "金山 王 (Personal Team)";
						ProvisioningStyle = Automatic;
					};
					184E61631D235FC0009FE680 = {
						CreatedOnToolsVersion = 8.0;
						DevelopmentTeam = YGFCYME2A4;
						DevelopmentTeamName = "金山 王 (Personal Team)";
						ProvisioningStyle = Automatic;
					};
				};
			};
			buildConfigurationList = 184E615D1D235FC0009FE680 /* Build configuration list for PBXProject "WJSS" */;
			compatibilityVersion = "Xcode 3.2";
			developmentRegion = English;
			hasScannedForEncodings = 0;
			knownRegions = (
				en,
			);
			mainGroup = 184E61591D235FC0009FE680;
			productRefGroup = 184E61611D235FC0009FE680 /* Products */;
			projectDirPath = "";
			projectRoot = "";
			targets = (
				184E615F1D235FC0009FE680 /* WJSS */,
				184E61631D235FC0009FE680 /* StickerPackExtension */,
			);
		};
/* End PBXProject section */

/* Begin PBXResourcesBuildPhase section */
		184E615E1D235FC0009FE680 /* Resources */ = {
			isa = PBXResourcesBuildPhase;
			buildActionMask = 2147483647;
			files = (
				184E616A1D235FC1009FE680 /* Stickers.xcstickers in Resources */,
			);
			runOnlyForDeploymentPostprocessing = 0;
		};
		184E61621D235FC0009FE680 /* Resources */ = {
			isa = PBXResourcesBuildPhase;
			buildActionMask = 2147483647;
			files = (
				184E61691D235FC1009FE680 /* Stickers.xcstickers in Resources */,
			);
			runOnlyForDeploymentPostprocessing = 0;
		};
/* End PBXResourcesBuildPhase section */

/* Begin PBXTargetDependency section */
		184E61671D235FC0009FE680 /* PBXTargetDependency */ = {
			isa = PBXTargetDependency;
			target = 184E61631D235FC0009FE680 /* StickerPackExtension */;
			targetProxy = 184E61661D235FC0009FE680 /* PBXContainerItemProxy */;
		};
/* End PBXTargetDependency section */

/* Begin XCBuildConfiguration section */
		184E616B1D235FC1009FE680 /* Debug */ = {
			isa = XCBuildConfiguration;
			buildSettings = {
				ALWAYS_SEARCH_USER_PATHS = NO;
				CLANG_ANALYZER_NONNULL = YES;
				CLANG_CXX_LANGUAGE_STANDARD = "gnu++0x";
				CLANG_CXX_LIBRARY = "libc++";
				CLANG_ENABLE_MODULES = YES;
				CLANG_ENABLE_OBJC_ARC = YES;
				CLANG_WARN_BOOL_CONVERSION = YES;
				CLANG_WARN_CONSTANT_CONVERSION = YES;
				CLANG_WARN_DIRECT_OBJC_ISA_USAGE = YES_ERROR;
				CLANG_WARN_DOCUMENTATION_COMMENTS = YES;
				CLANG_WARN_EMPTY_BODY = YES;
				CLANG_WARN_ENUM_CONVERSION = YES;
				CLANG_WARN_INT_CONVERSION = YES;
				CLANG_WARN_OBJC_ROOT_CLASS = YES_ERROR;
				CLANG_WARN_UNREACHABLE_CODE = YES;
				CLANG_WARN__DUPLICATE_METHOD_MATCH = YES;
				"CODE_SIGN_IDENTITY[sdk=iphoneos*]" = "iPhone Developer";
				COPY_PHASE_STRIP = NO;
				DEBUG_INFORMATION_FORMAT = dwarf;
				ENABLE_STRICT_OBJC_MSGSEND = YES;
				ENABLE_TESTABILITY = YES;
				GCC_C_LANGUAGE_STANDARD = gnu99;
				GCC_DYNAMIC_NO_PIC = NO;
				GCC_NO_COMMON_BLOCKS = YES;
				GCC_OPTIMIZATION_LEVEL = 0;
				GCC_PREPROCESSOR_DEFINITIONS = (
					"DEBUG=1",
					"$(inherited)",
				);
				GCC_WARN_64_TO_32_BIT_CONVERSION = YES;
				GCC_WARN_ABOUT_RETURN_TYPE = YES_ERROR;
				GCC_WARN_UNDECLARED_SELECTOR = YES;
				GCC_WARN_UNINITIALIZED_AUTOS = YES_AGGRESSIVE;
				GCC_WARN_UNUSED_FUNCTION = YES;
				GCC_WARN_UNUSED_VARIABLE = YES;
				IPHONEOS_DEPLOYMENT_TARGET = 10.0;
				MTL_ENABLE_DEBUG_INFO = YES;
				ONLY_ACTIVE_ARCH = YES;
				SDKROOT = iphoneos;
			};
			name = Debug;
		};
		184E616C1D235FC1009FE680 /* Release */ = {
			isa = XCBuildConfiguration;
			buildSettings = {
				ALWAYS_SEARCH_USER_PATHS = NO;
				CLANG_ANALYZER_NONNULL = YES;
				CLANG_CXX_LANGUAGE_STANDARD = "gnu++0x";
				CLANG_CXX_LIBRARY = "libc++";
				CLANG_ENABLE_MODULES = YES;
				CLANG_ENABLE_OBJC_ARC = YES;
				CLANG_WARN_BOOL_CONVERSION = YES;
				CLANG_WARN_CONSTANT_CONVERSION = YES;
				CLANG_WARN_DIRECT_OBJC_ISA_USAGE = YES_ERROR;
				CLANG_WARN_DOCUMENTATION_COMMENTS = YES;
				CLANG_WARN_EMPTY_BODY = YES;
				CLANG_WARN_ENUM_CONVERSION = YES;
				CLANG_WARN_INT_CONVERSION = YES;
				CLANG_WARN_OBJC_ROOT_CLASS = YES_ERROR;
				CLANG_WARN_UNREACHABLE_CODE = YES;
				CLANG_WARN__DUPLICATE_METHOD_MATCH = YES;
				"CODE_SIGN_IDENTITY[sdk=iphoneos*]" = "iPhone Developer";
				COPY_PHASE_STRIP = NO;
				DEBUG_INFORMATION_FORMAT = "dwarf-with-dsym";
				ENABLE_NS_ASSERTIONS = NO;
				ENABLE_STRICT_OBJC_MSGSEND = YES;
				GCC_C_LANGUAGE_STANDARD = gnu99;
				GCC_NO_COMMON_BLOCKS = YES;
				GCC_WARN_64_TO_32_BIT_CONVERSION = YES;
				GCC_WARN_ABOUT_RETURN_TYPE = YES_ERROR;
				GCC_WARN_UNDECLARED_SELECTOR = YES;
				GCC_WARN_UNINITIALIZED_AUTOS = YES_AGGRESSIVE;
				GCC_WARN_UNUSED_FUNCTION = YES;
				GCC_WARN_UNUSED_VARIABLE = YES;
				IPHONEOS_DEPLOYMENT_TARGET = 10.0;
				MTL_ENABLE_DEBUG_INFO = NO;
				SDKROOT = iphoneos;
				VALIDATE_PRODUCT = YES;
			};
			name = Release;
		};
		184E616E1D235FC1009FE680 /* Debug */ = {
			isa = XCBuildConfiguration;
			buildSettings = {
				ASSETCATALOG_COMPILER_APPICON_NAME = "iMessage App Icon";
				INFOPLIST_FILE = StickerPackExtension/Info.plist;
				PRODUCT_BUNDLE_IDENTIFIER = ucreative.test.WJSS.StickerPackExtension;
				PRODUCT_NAME = "$(TARGET_NAME)";
				SKIP_INSTALL = YES;
			};
			name = Debug;
		};
		184E616F1D235FC1009FE680 /* Release */ = {
			isa = XCBuildConfiguration;
			buildSettings = {
				ASSETCATALOG_COMPILER_APPICON_NAME = "iMessage App Icon";
				INFOPLIST_FILE = StickerPackExtension/Info.plist;
				PRODUCT_BUNDLE_IDENTIFIER = ucreative.test.WJSS.StickerPackExtension;
				PRODUCT_NAME = "$(TARGET_NAME)";
				SKIP_INSTALL = YES;
			};
			name = Release;
		};
		184E61721D235FC1009FE680 /* Debug */ = {
			isa = XCBuildConfiguration;
			buildSettings = {
				ASSETCATALOG_COMPILER_APPICON_NAME = "iMessage App Icon";
				INFOPLIST_FILE = WJSS/Info.plist;
				PRODUCT_BUNDLE_IDENTIFIER = ucreative.test.WJSS;
				PRODUCT_NAME = "$(TARGET_NAME)";
				TARGETED_DEVICE_FAMILY = "1,2";
			};
			name = Debug;
		};
		184E61731D235FC1009FE680 /* Release */ = {
			isa = XCBuildConfiguration;
			buildSettings = {
				ASSETCATALOG_COMPILER_APPICON_NAME = "iMessage App Icon";
				INFOPLIST_FILE = WJSS/Info.plist;
				PRODUCT_BUNDLE_IDENTIFIER = ucreative.test.WJSS;
				PRODUCT_NAME = "$(TARGET_NAME)";
				TARGETED_DEVICE_FAMILY = "1,2";
			};
			name = Release;
		};
/* End XCBuildConfiguration section */

/* Begin XCConfigurationList section */
		184E615D1D235FC0009FE680 /* Build configuration list for PBXProject "WJSS" */ = {
			isa = XCConfigurationList;
			buildConfigurations = (
				184E616B1D235FC1009FE680 /* Debug */,
				184E616C1D235FC1009FE680 /* Release */,
			);
			defaultConfigurationIsVisible = 0;
			defaultConfigurationName = Release;
		};
		184E616D1D235FC1009FE680 /* Build configuration list for PBXNativeTarget "StickerPackExtension" */ = {
			isa = XCConfigurationList;
			buildConfigurations = (
				184E616E1D235FC1009FE680 /* Debug */,
				184E616F1D235FC1009FE680 /* Release */,
			);
			defaultConfigurationIsVisible = 0;
		};
		184E61711D235FC1009FE680 /* Build configuration list for PBXNativeTarget "WJSS" */ = {
			isa = XCConfigurationList;
			buildConfigurations = (
				184E61721D235FC1009FE680 /* Debug */,
				184E61731D235FC1009FE680 /* Release */,
			);
			defaultConfigurationIsVisible = 0;
		};
/* End XCConfigurationList section */
	};
	rootObject = 184E615A1D235FC0009FE680 /* Project object */;
}
